
Microsoft Visual Studio Solution File, Format Version 12.00
# Visual Studio Version 16
VisualStudioVersion = 16.0.30011.22
MinimumVisualStudioVersion = 10.0.40219.1
Project("{9A19103F-16F7-4668-BE54-9A1E7A4F7556}") = "site01", "site01\site01.csproj", "{441DB26E-2560-45E6-8BFE-ED55F300C048}"
EndProject
Global
	GlobalSection(SolutionConfigurationPlatforms) = preSolution
		Debug|Any CPU = Debug|Any CPU
		Release|Any CPU = Release|Any CPU
	EndGlobalSection
	GlobalSection(ProjectConfigurationPlatforms) = postSolution
		{441DB26E-2560-45E6-8BFE-ED55F300C048}.Debug|Any CPU.ActiveCfg = Debug|Any CPU
		{441DB26E-2560-45E6-8BFE-ED55F300C048}.Debug|Any CPU.Build.0 = Debug|Any CPU
		{441DB26E-2560-45E6-8BFE-ED55F300C048}.Release|Any CPU.ActiveCfg = Release|Any CPU
		{441DB26E-2560-45E6-8BFE-ED55F300C048}.Release|Any CPU.Build.0 = Release|Any CPU
	EndGlobalSection
	GlobalSection(SolutionProperties) = preSolution
		HideSolutionNode = FALSE
	EndGlobalSection
	GlobalSection(ExtensibilityGlobals) = postSolution
		SolutionGuid = {FD274516-25CA-416E-AB6F-D2BD1D05CA9A}
	EndGlobalSection
EndGlobal
